
Microsoft Visual Studio Solution File, Format Version 12.00
# Visual Studio Version 17
VisualStudioVersion = 17.14.36414.22 d17.14
MinimumVisualStudioVersion = 10.0.40219.1
Project("{FAE04EC0-301F-11D3-BF4B-00C04F79EFBC}") = "ControlTalleresMVP", "ControlTalleresMVP.csproj", "{6379FBBE-8F2F-E2DE-14E8-CEF5CD02DBCA}"
EndProject
Global
	GlobalSection(SolutionConfigurationPlatforms) = preSolution
		Debug|Any CPU = Debug|Any CPU
		Release|Any CPU = Release|Any CPU
	EndGlobalSection
	GlobalSection(ProjectConfigurationPlatforms) = postSolution
		{6379FBBE-8F2F-E2DE-14E8-CEF5CD02DBCA}.Debug|Any CPU.ActiveCfg = Debug|Any CPU
		{6379FBBE-8F2F-E2DE-14E8-CEF5CD02DBCA}.Debug|Any CPU.Build.0 = Debug|Any CPU
		{6379FBBE-8F2F-E2DE-14E8-CEF5CD02DBCA}.Release|Any CPU.ActiveCfg = Release|Any CPU
		{6379FBBE-8F2F-E2DE-14E8-CEF5CD02DBCA}.Release|Any CPU.Build.0 = Release|Any CPU
	EndGlobalSection
	GlobalSection(SolutionProperties) = preSolution
		HideSolutionNode = FALSE
	EndGlobalSection
	GlobalSection(ExtensibilityGlobals) = postSolution
		SolutionGuid = {18355229-EE90-44CF-99C3-35C6B4434047}
	EndGlobalSection
EndGlobal
